
Microsoft Visual Studio Solution File, Format Version 12.00
# Visual Studio 15
VisualStudioVersion = 15.0.28307.572
MinimumVisualStudioVersion = 10.0.40219.1
Project("{FAE04EC0-301F-11D3-BF4B-00C04F79EFBC}") = "Etut20190907", "Etut20190907\Etut20190907.csproj", "{89208AE5-DC47-4843-8DBE-570BD2E7B40D}"
EndProject
Global
	GlobalSection(SolutionConfigurationPlatforms) = preSolution
		Debug|Any CPU = Debug|Any CPU
		Release|Any CPU = Release|Any CPU
	EndGlobalSection
	GlobalSection(ProjectConfigurationPlatforms) = postSolution
		{89208AE5-DC47-4843-8DBE-570BD2E7B40D}.Debug|Any CPU.ActiveCfg = Debug|Any CPU
		{89208AE5-DC47-4843-8DBE-570BD2E7B40D}.Debug|Any CPU.Build.0 = Debug|Any CPU
		{89208AE5-DC47-4843-8DBE-570BD2E7B40D}.Release|Any CPU.ActiveCfg = Release|Any CPU
		{89208AE5-DC47-4843-8DBE-570BD2E7B40D}.Release|Any CPU.Build.0 = Release|Any CPU
	EndGlobalSection
	GlobalSection(SolutionProperties) = preSolution
		HideSolutionNode = FALSE
	EndGlobalSection
	GlobalSection(ExtensibilityGlobals) = postSolution
		SolutionGuid = {178DF669-6697-47D1-8CA8-314902E1C671}
	EndGlobalSection
EndGlobal
